// !$*UTF8*$!
{
	archiveVersion = 1;
	classes = {
	};
	objectVersion = 46;
	objects = {

/* Begin PBXBuildFile section */
		02120BE21BCEEC630007BF2C /* interface.Storyboard in Resources */ = {isa = PBXBuildFile; fileRef = 02120BE11BCEEC630007BF2C /* interface.Storyboard */; settings = {ASSET_TAGS = (); }; };
		022A1C551BB5D9360050967A /* AppDelegate.swift in Sources */ = {isa = PBXBuildFile; fileRef = 022A1C541BB5D9360050967A /* AppDelegate.swift */; };
		022A1C571BB5D9360050967A /* ViewController.swift in Sources */ = {isa = PBXBuildFile; fileRef = 022A1C561BB5D9360050967A /* ViewController.swift */; };
		022A1C5A1BB5D9360050967A /* Main.storyboard in Resources */ = {isa = PBXBuildFile; fileRef = 022A1C581BB5D9360050967A /* Main.storyboard */; };
		022A1C5C1BB5D9360050967A /* Assets.xcassets in Resources */ = {isa = PBXBuildFile; fileRef = 022A1C5B1BB5D9360050967A /* Assets.xcassets */; };
		022A1C5F1BB5D9360050967A /* LaunchScreen.storyboard in Resources */ = {isa = PBXBuildFile; fileRef = 022A1C5D1BB5D9360050967A /* LaunchScreen.storyboard */; };
		022A1C641BB5D9360050967A /* DiceRoller WatchKit App.app in Embed Watch Content */ = {isa = PBXBuildFile; fileRef = 022A1C631BB5D9360050967A /* DiceRoller WatchKit App.app */; };
		022A1C6C1BB5D9360050967A /* Assets.xcassets in Resources */ = {isa = PBXBuildFile; fileRef = 022A1C6B1BB5D9360050967A /* Assets.xcassets */; };
		022A1C731BB5D9360050967A /* DiceRoller WatchKit Extension.appex in Embed App Extensions */ = {isa = PBXBuildFile; fileRef = 022A1C721BB5D9360050967A /* DiceRoller WatchKit Extension.appex */; settings = {ATTRIBUTES = (RemoveHeadersOnCopy, ); }; };
		022A1C7A1BB5D9360050967A /* InterfaceController.swift in Sources */ = {isa = PBXBuildFile; fileRef = 022A1C791BB5D9360050967A /* InterfaceController.swift */; };
		022A1C7C1BB5D9360050967A /* ExtensionDelegate.swift in Sources */ = {isa = PBXBuildFile; fileRef = 022A1C7B1BB5D9360050967A /* ExtensionDelegate.swift */; };
		022A1C7E1BB5D9360050967A /* NotificationController.swift in Sources */ = {isa = PBXBuildFile; fileRef = 022A1C7D1BB5D9360050967A /* NotificationController.swift */; };
		022A1C801BB5D9370050967A /* Assets.xcassets in Resources */ = {isa = PBXBuildFile; fileRef = 022A1C7F1BB5D9370050967A /* Assets.xcassets */; };
		022A1CD81BB9CDA60050967A /* d20.jpg in Resources */ = {isa = PBXBuildFile; fileRef = 022A1CD71BB9CDA60050967A /* d20.jpg */; settings = {ASSET_TAGS = (); }; };
		022A1CDC1BB9CEFD0050967A /* tableExampleIC.swift in Sources */ = {isa = PBXBuildFile; fileRef = 022A1CDB1BB9CEFD0050967A /* tableExampleIC.swift */; settings = {ASSET_TAGS = (); }; };
		022A1CDE1BB9D3670050967A /* d4.jpg in Resources */ = {isa = PBXBuildFile; fileRef = 022A1CDD1BB9D3670050967A /* d4.jpg */; settings = {ASSET_TAGS = (); }; };
		022A1CE01BB9D3770050967A /* d6.jpg in Resources */ = {isa = PBXBuildFile; fileRef = 022A1CDF1BB9D3770050967A /* d6.jpg */; settings = {ASSET_TAGS = (); }; };
		022A1CE21BB9D3800050967A /* d8.jpg in Resources */ = {isa = PBXBuildFile; fileRef = 022A1CE11BB9D3800050967A /* d8.jpg */; settings = {ASSET_TAGS = (); }; };
		022A1CE41BBB67350050967A /* diceRow.swift in Sources */ = {isa = PBXBuildFile; fileRef = 022A1CE31BBB67350050967A /* diceRow.swift */; settings = {ASSET_TAGS = (); }; };
		022A1CE81BBC6C810050967A /* d10.jpg in Resources */ = {isa = PBXBuildFile; fileRef = 022A1CE51BBC6C810050967A /* d10.jpg */; settings = {ASSET_TAGS = (); }; };
		022A1CE91BBC6C810050967A /* d12.jpg in Resources */ = {isa = PBXBuildFile; fileRef = 022A1CE61BBC6C810050967A /* d12.jpg */; settings = {ASSET_TAGS = (); }; };
		022A1CEA1BBC6C810050967A /* d100.jpg in Resources */ = {isa = PBXBuildFile; fileRef = 022A1CE71BBC6C810050967A /* d100.jpg */; settings = {ASSET_TAGS = (); }; };
		022A1CEE1BBC6EEB0050967A /* pickerExampleIC.swift in Sources */ = {isa = PBXBuildFile; fileRef = 022A1CED1BBC6EEB0050967A /* pickerExampleIC.swift */; settings = {ASSET_TAGS = (); }; };
		024835F81BC84CA400B94E67 /* Roll.swift in Sources */ = {isa = PBXBuildFile; fileRef = 024835F71BC84CA400B94E67 /* Roll.swift */; settings = {ASSET_TAGS = (); }; };
		024835FA1BC84FA400B94E67 /* rollRow.swift in Sources */ = {isa = PBXBuildFile; fileRef = 024835F91BC84FA400B94E67 /* rollRow.swift */; settings = {ASSET_TAGS = (); }; };
		02DEA4E81BC5AA2B003C47CE /* DiceRollerMain.swift in Sources */ = {isa = PBXBuildFile; fileRef = 02DEA4E71BC5AA2B003C47CE /* DiceRollerMain.swift */; settings = {ASSET_TAGS = (); }; };
		02DEA4EA1BC5AB19003C47CE /* MainScreenIC.swift in Sources */ = {isa = PBXBuildFile; fileRef = 02DEA4E91BC5AB19003C47CE /* MainScreenIC.swift */; settings = {ASSET_TAGS = (); }; };
		02DEA4EC1BC5AB2F003C47CE /* DiceSelectIC.swift in Sources */ = {isa = PBXBuildFile; fileRef = 02DEA4EB1BC5AB2F003C47CE /* DiceSelectIC.swift */; settings = {ASSET_TAGS = (); }; };
		02DEA4EE1BC5AB66003C47CE /* QuanitySelectScreenIC.swift in Sources */ = {isa = PBXBuildFile; fileRef = 02DEA4ED1BC5AB66003C47CE /* QuanitySelectScreenIC.swift */; settings = {ASSET_TAGS = (); }; };
/* End PBXBuildFile section */

/* Begin PBXContainerItemProxy section */
		022A1C651BB5D9360050967A /* PBXContainerItemProxy */ = {
			isa = PBXContainerItemProxy;
			containerPortal = 022A1C491BB5D9360050967A /* Project object */;
			proxyType = 1;
			remoteGlobalIDString = 022A1C621BB5D9360050967A;
			remoteInfo = "DiceRoller WatchKit App";
		};
		022A1C741BB5D9360050967A /* PBXContainerItemProxy */ = {
			isa = PBXContainerItemProxy;
			containerPortal = 022A1C491BB5D9360050967A /* Project object */;
			proxyType = 1;
			remoteGlobalIDString = 022A1C711BB5D9360050967A;
			remoteInfo = "DiceRoller WatchKit Extension";
		};
/* End PBXContainerItemProxy section */

/* Begin PBXCopyFilesBuildPhase section */
		022A1C871BB5D9370050967A /* Embed App Extensions */ = {
			isa = PBXCopyFilesBuildPhase;
			buildActionMask = 2147483647;
			dstPath = "";
			dstSubfolderSpec = 13;
			files = (
				022A1C731BB5D9360050967A /* DiceRoller WatchKit Extension.appex in Embed App Extensions */,
			);
			name = "Embed App Extensions";
			runOnlyForDeploymentPostprocessing = 0;
		};
		022A1C8B1BB5D9370050967A /* Embed Watch Content */ = {
			isa = PBXCopyFilesBuildPhase;
			buildActionMask = 2147483647;
			dstPath = "$(CONTENTS_FOLDER_PATH)/Watch";
			dstSubfolderSpec = 16;
			files = (
				022A1C641BB5D9360050967A /* DiceRoller WatchKit App.app in Embed Watch Content */,
			);
			name = "Embed Watch Content";
			runOnlyForDeploymentPostprocessing = 0;
		};
/* End PBXCopyFilesBuildPhase section */

/* Begin PBXFileReference section */
		02120BE11BCEEC630007BF2C /* interface.Storyboard */ = {isa = PBXFileReference; fileEncoding = 4; lastKnownFileType = file.storyboard; name = interface.Storyboard; path = "../DiceRoller WatchKit Extension/interface.Storyboard"; sourceTree = "<group>"; };
		022A1C511BB5D9360050967A /* DiceRoller.app */ = {isa = PBXFileReference; explicitFileType = wrapper.application; includeInIndex = 0; path = DiceRoller.app; sourceTree = BUILT_PRODUCTS_DIR; };
		022A1C541BB5D9360050967A /* AppDelegate.swift */ = {isa = PBXFileReference; lastKnownFileType = sourcecode.swift; path = AppDelegate.swift; sourceTree = "<group>"; };
		022A1C561BB5D9360050967A /* ViewController.swift */ = {isa = PBXFileReference; lastKnownFileType = sourcecode.swift; path = ViewController.swift; sourceTree = "<group>"; };
		022A1C591BB5D9360050967A /* Base */ = {isa = PBXFileReference; lastKnownFileType = file.storyboard; name = Base; path = Base.lproj/Main.storyboard; sourceTree = "<group>"; };
		022A1C5B1BB5D9360050967A /* Assets.xcassets */ = {isa = PBXFileReference; lastKnownFileType = folder.assetcatalog; path = Assets.xcassets; sourceTree = "<group>"; };
		022A1C5E1BB5D9360050967A /* Base */ = {isa = PBXFileReference; lastKnownFileType = file.storyboard; name = Base; path = Base.lproj/LaunchScreen.storyboard; sourceTree = "<group>"; };
		022A1C601BB5D9360050967A /* Info.plist */ = {isa = PBXFileReference; lastKnownFileType = text.plist.xml; path = Info.plist; sourceTree = "<group>"; };
		022A1C631BB5D9360050967A /* DiceRoller WatchKit App.app */ = {isa = PBXFileReference; explicitFileType = wrapper.application; includeInIndex = 0; path = "DiceRoller WatchKit App.app"; sourceTree = BUILT_PRODUCTS_DIR; };
		022A1C6B1BB5D9360050967A /* Assets.xcassets */ = {isa = PBXFileReference; lastKnownFileType = folder.assetcatalog; path = Assets.xcassets; sourceTree = "<group>"; };
		022A1C6D1BB5D9360050967A /* Info.plist */ = {isa = PBXFileReference; lastKnownFileType = text.plist.xml; path = Info.plist; sourceTree = "<group>"; };
		022A1C721BB5D9360050967A /* DiceRoller WatchKit Extension.appex */ = {isa = PBXFileReference; explicitFileType = "wrapper.app-extension"; includeInIndex = 0; path = "DiceRoller WatchKit Extension.appex"; sourceTree = BUILT_PRODUCTS_DIR; };
		022A1C781BB5D9360050967A /* PushNotificationPayload.apns */ = {isa = PBXFileReference; lastKnownFileType = text; path = PushNotificationPayload.apns; sourceTree = "<group>"; };
		022A1C791BB5D9360050967A /* InterfaceController.swift */ = {isa = PBXFileReference; lastKnownFileType = sourcecode.swift; path = InterfaceController.swift; sourceTree = "<group>"; };
		022A1C7B1BB5D9360050967A /* ExtensionDelegate.swift */ = {isa = PBXFileReference; lastKnownFileType = sourcecode.swift; path = ExtensionDelegate.swift; sourceTree = "<group>"; };
		022A1C7D1BB5D9360050967A /* NotificationController.swift */ = {isa = PBXFileReference; lastKnownFileType = sourcecode.swift; path = NotificationController.swift; sourceTree = "<group>"; };
		022A1C7F1BB5D9370050967A /* Assets.xcassets */ = {isa = PBXFileReference; lastKnownFileType = folder.assetcatalog; path = Assets.xcassets; sourceTree = "<group>"; };
		022A1C811BB5D9370050967A /* Info.plist */ = {isa = PBXFileReference; lastKnownFileType = text.plist.xml; path = Info.plist; sourceTree = "<group>"; };
		022A1CD71BB9CDA60050967A /* d20.jpg */ = {isa = PBXFileReference; lastKnownFileType = image.jpeg; name = d20.jpg; path = ../../../../Downloads/d20.jpg; sourceTree = "<group>"; };
		022A1CDB1BB9CEFD0050967A /* tableExampleIC.swift */ = {isa = PBXFileReference; fileEncoding = 4; lastKnownFileType = sourcecode.swift; path = tableExampleIC.swift; sourceTree = "<group>"; };
		022A1CDD1BB9D3670050967A /* d4.jpg */ = {isa = PBXFileReference; lastKnownFileType = image.jpeg; name = d4.jpg; path = ../../../../Downloads/d4.jpg; sourceTree = "<group>"; };
		022A1CDF1BB9D3770050967A /* d6.jpg */ = {isa = PBXFileReference; lastKnownFileType = image.jpeg; name = d6.jpg; path = ../../../../Downloads/d6.jpg; sourceTree = "<group>"; };
		022A1CE11BB9D3800050967A /* d8.jpg */ = {isa = PBXFileReference; lastKnownFileType = image.jpeg; name = d8.jpg; path = ../../../../Downloads/d8.jpg; sourceTree = "<group>"; };
		022A1CE31BBB67350050967A /* diceRow.swift */ = {isa = PBXFileReference; fileEncoding = 4; lastKnownFileType = sourcecode.swift; path = diceRow.swift; sourceTree = "<group>"; };
		022A1CE51BBC6C810050967A /* d10.jpg */ = {isa = PBXFileReference; lastKnownFileType = image.jpeg; name = d10.jpg; path = ../../../../Documents/d10.jpg; sourceTree = "<group>"; };
		022A1CE61BBC6C810050967A /* d12.jpg */ = {isa = PBXFileReference; lastKnownFileType = image.jpeg; name = d12.jpg; path = ../../../../Documents/d12.jpg; sourceTree = "<group>"; };
		022A1CE71BBC6C810050967A /* d100.jpg */ = {isa = PBXFileReference; lastKnownFileType = image.jpeg; name = d100.jpg; path = ../../../../Documents/d100.jpg; sourceTree = "<group>"; };
		022A1CED1BBC6EEB0050967A /* pickerExampleIC.swift */ = {isa = PBXFileReference; fileEncoding = 4; lastKnownFileType = sourcecode.swift; path = pickerExampleIC.swift; sourceTree = "<group>"; };
		024835F71BC84CA400B94E67 /* Roll.swift */ = {isa = PBXFileReference; fileEncoding = 4; lastKnownFileType = sourcecode.swift; path = Roll.swift; sourceTree = "<group>"; };
		024835F91BC84FA400B94E67 /* rollRow.swift */ = {isa = PBXFileReference; fileEncoding = 4; lastKnownFileType = sourcecode.swift; path = rollRow.swift; sourceTree = "<group>"; };
		02DEA4E71BC5AA2B003C47CE /* DiceRollerMain.swift */ = {isa = PBXFileReference; fileEncoding = 4; lastKnownFileType = sourcecode.swift; path = DiceRollerMain.swift; sourceTree = "<group>"; };
		02DEA4E91BC5AB19003C47CE /* MainScreenIC.swift */ = {isa = PBXFileReference; fileEncoding = 4; lastKnownFileType = sourcecode.swift; path = MainScreenIC.swift; sourceTree = "<group>"; };
		02DEA4EB1BC5AB2F003C47CE /* DiceSelectIC.swift */ = {isa = PBXFileReference; fileEncoding = 4; lastKnownFileType = sourcecode.swift; path = DiceSelectIC.swift; sourceTree = "<group>"; };
		02DEA4ED1BC5AB66003C47CE /* QuanitySelectScreenIC.swift */ = {isa = PBXFileReference; fileEncoding = 4; lastKnownFileType = sourcecode.swift; path = QuanitySelectScreenIC.swift; sourceTree = "<group>"; };
/* End PBXFileReference section */

/* Begin PBXFrameworksBuildPhase section */
		022A1C4E1BB5D9360050967A /* Frameworks */ = {
			isa = PBXFrameworksBuildPhase;
			buildActionMask = 2147483647;
			files = (
			);
			runOnlyForDeploymentPostprocessing = 0;
		};
		022A1C6F1BB5D9360050967A /* Frameworks */ = {
			isa = PBXFrameworksBuildPhase;
			buildActionMask = 2147483647;
			files = (
			);
			runOnlyForDeploymentPostprocessing = 0;
		};
/* End PBXFrameworksBuildPhase section */

/* Begin PBXGroup section */
		022A1C481BB5D9360050967A = {
			isa = PBXGroup;
			children = (
				022A1C531BB5D9360050967A /* DiceRoller */,
				022A1C671BB5D9360050967A /* DiceRoller WatchKit App */,
				022A1C761BB5D9360050967A /* DiceRoller WatchKit Extension */,
				022A1C521BB5D9360050967A /* Products */,
				024835FE1BC8505100B94E67 /* exampleStuff */,
				024835FC1BC84FE900B94E67 /* codeBehinds */,
				024835FD1BC8500100B94E67 /* supportObjects */,
				024835FB1BC84FAF00B94E67 /* tableRows */,
			);
			sourceTree = "<group>";
		};
		022A1C521BB5D9360050967A /* Products */ = {
			isa = PBXGroup;
			children = (
				022A1C511BB5D9360050967A /* DiceRoller.app */,
				022A1C631BB5D9360050967A /* DiceRoller WatchKit App.app */,
				022A1C721BB5D9360050967A /* DiceRoller WatchKit Extension.appex */,
			);
			name = Products;
			sourceTree = "<group>";
		};
		022A1C531BB5D9360050967A /* DiceRoller */ = {
			isa = PBXGroup;
			children = (
				022A1C541BB5D9360050967A /* AppDelegate.swift */,
				022A1C561BB5D9360050967A /* ViewController.swift */,
				022A1C581BB5D9360050967A /* Main.storyboard */,
				022A1C5B1BB5D9360050967A /* Assets.xcassets */,
				022A1C5D1BB5D9360050967A /* LaunchScreen.storyboard */,
				022A1C601BB5D9360050967A /* Info.plist */,
			);
			path = DiceRoller;
			sourceTree = "<group>";
		};
		022A1C671BB5D9360050967A /* DiceRoller WatchKit App */ = {
			isa = PBXGroup;
			children = (
				02120BE11BCEEC630007BF2C /* interface.Storyboard */,
				022A1CD61BB9CD690050967A /* Images */,
				022A1C6B1BB5D9360050967A /* Assets.xcassets */,
				022A1C6D1BB5D9360050967A /* Info.plist */,
			);
			path = "DiceRoller WatchKit App";
			sourceTree = "<group>";
		};
		022A1C761BB5D9360050967A /* DiceRoller WatchKit Extension */ = {
			isa = PBXGroup;
			children = (
				022A1C791BB5D9360050967A /* InterfaceController.swift */,
				022A1C7B1BB5D9360050967A /* ExtensionDelegate.swift */,
				022A1C7D1BB5D9360050967A /* NotificationController.swift */,
				022A1C7F1BB5D9370050967A /* Assets.xcassets */,
				022A1C811BB5D9370050967A /* Info.plist */,
				022A1C771BB5D9360050967A /* Supporting Files */,
			);
			path = "DiceRoller WatchKit Extension";
			sourceTree = "<group>";
		};
		022A1C771BB5D9360050967A /* Supporting Files */ = {
			isa = PBXGroup;
			children = (
				022A1C781BB5D9360050967A /* PushNotificationPayload.apns */,
			);
			name = "Supporting Files";
			sourceTree = "<group>";
		};
		022A1CD61BB9CD690050967A /* Images */ = {
			isa = PBXGroup;
			children = (
				022A1CE51BBC6C810050967A /* d10.jpg */,
				022A1CE61BBC6C810050967A /* d12.jpg */,
				022A1CE71BBC6C810050967A /* d100.jpg */,
				022A1CE11BB9D3800050967A /* d8.jpg */,
				022A1CDF1BB9D3770050967A /* d6.jpg */,
				022A1CDD1BB9D3670050967A /* d4.jpg */,
				022A1CD71BB9CDA60050967A /* d20.jpg */,
			);
			name = Images;
			sourceTree = "<group>";
		};
		024835FB1BC84FAF00B94E67 /* tableRows */ = {
			isa = PBXGroup;
			children = (
				02DEA4E71BC5AA2B003C47CE /* DiceRollerMain.swift */,
				022A1CE31BBB67350050967A /* diceRow.swift */,
				024835F91BC84FA400B94E67 /* rollRow.swift */,
			);
			name = tableRows;
			path = "DiceRoller WatchKit Extension";
			sourceTree = "<group>";
		};
		024835FC1BC84FE900B94E67 /* codeBehinds */ = {
			isa = PBXGroup;
			children = (
				02DEA4ED1BC5AB66003C47CE /* QuanitySelectScreenIC.swift */,
				02DEA4E91BC5AB19003C47CE /* MainScreenIC.swift */,
				02DEA4EB1BC5AB2F003C47CE /* DiceSelectIC.swift */,
			);
			name = codeBehinds;
			path = "DiceRoller WatchKit Extension";
			sourceTree = "<group>";
		};
		024835FD1BC8500100B94E67 /* supportObjects */ = {
			isa = PBXGroup;
			children = (
				024835F71BC84CA400B94E67 /* Roll.swift */,
			);
			name = supportObjects;
			path = "DiceRoller WatchKit Extension";
			sourceTree = "<group>";
		};
		024835FE1BC8505100B94E67 /* exampleStuff */ = {
			isa = PBXGroup;
			children = (
				022A1CED1BBC6EEB0050967A /* pickerExampleIC.swift */,
				022A1CDB1BB9CEFD0050967A /* tableExampleIC.swift */,
			);
			name = exampleStuff;
			path = "DiceRoller WatchKit Extension";
			sourceTree = "<group>";
		};
/* End PBXGroup section */

/* Begin PBXNativeTarget section */
		022A1C501BB5D9360050967A /* DiceRoller */ = {
			isa = PBXNativeTarget;
			buildConfigurationList = 022A1C8C1BB5D9370050967A /* Build configuration list for PBXNativeTarget "DiceRoller" */;
			buildPhases = (
				022A1C4D1BB5D9360050967A /* Sources */,
				022A1C4E1BB5D9360050967A /* Frameworks */,
				022A1C4F1BB5D9360050967A /* Resources */,
				022A1C8B1BB5D9370050967A /* Embed Watch Content */,
			);
			buildRules = (
			);
			dependencies = (
				022A1C661BB5D9360050967A /* PBXTargetDependency */,
			);
			name = DiceRoller;
			productName = DiceRoller;
			productReference = 022A1C511BB5D9360050967A /* DiceRoller.app */;
			productType = "com.apple.product-type.application";
		};
		022A1C621BB5D9360050967A /* DiceRoller WatchKit App */ = {
			isa = PBXNativeTarget;
			buildConfigurationList = 022A1C881BB5D9370050967A /* Build configuration list for PBXNativeTarget "DiceRoller WatchKit App" */;
			buildPhases = (
				022A1C611BB5D9360050967A /* Resources */,
				022A1C871BB5D9370050967A /* Embed App Extensions */,
			);
			buildRules = (
			);
			dependencies = (
				022A1C751BB5D9360050967A /* PBXTargetDependency */,
			);
			name = "DiceRoller WatchKit App";
			productName = "DiceRoller WatchKit App";
			productReference = 022A1C631BB5D9360050967A /* DiceRoller WatchKit App.app */;
			productType = "com.apple.product-type.application.watchapp2";
		};
		022A1C711BB5D9360050967A /* DiceRoller WatchKit Extension */ = {
			isa = PBXNativeTarget;
			buildConfigurationList = 022A1C841BB5D9370050967A /* Build configuration list for PBXNativeTarget "DiceRoller WatchKit Extension" */;
			buildPhases = (
				022A1C6E1BB5D9360050967A /* Sources */,
				022A1C6F1BB5D9360050967A /* Frameworks */,
				022A1C701BB5D9360050967A /* Resources */,
			);
			buildRules = (
			);
			dependencies = (
			);
			name = "DiceRoller WatchKit Extension";
			productName = "DiceRoller WatchKit Extension";
			productReference = 022A1C721BB5D9360050967A /* DiceRoller WatchKit Extension.appex */;
			productType = "com.apple.product-type.watchkit2-extension";
		};
/* End PBXNativeTarget section */

/* Begin PBXProject section */
		022A1C491BB5D9360050967A /* Project object */ = {
			isa = PBXProject;
			attributes = {
				LastSwiftUpdateCheck = 0700;
				LastUpgradeCheck = 0700;
				ORGANIZATIONNAME = "Alex Hinkle";
				TargetAttributes = {
					022A1C501BB5D9360050967A = {
						CreatedOnToolsVersion = 7.0;
						DevelopmentTeam = 2S89AER7L6;
					};
					022A1C621BB5D9360050967A = {
						CreatedOnToolsVersion = 7.0;
						DevelopmentTeam = 2S89AER7L6;
					};
					022A1C711BB5D9360050967A = {
						CreatedOnToolsVersion = 7.0;
						DevelopmentTeam = 2S89AER7L6;
					};
				};
			};
			buildConfigurationList = 022A1C4C1BB5D9360050967A /* Build configuration list for PBXProject "DiceRoller" */;
			compatibilityVersion = "Xcode 3.2";
			developmentRegion = English;
			hasScannedForEncodings = 0;
			knownRegions = (
				en,
				Base,
			);
			mainGroup = 022A1C481BB5D9360050967A;
			productRefGroup = 022A1C521BB5D9360050967A /* Products */;
			projectDirPath = "";
			projectRoot = "";
			targets = (
				022A1C501BB5D9360050967A /* DiceRoller */,
				022A1C621BB5D9360050967A /* DiceRoller WatchKit App */,
				022A1C711BB5D9360050967A /* DiceRoller WatchKit Extension */,
			);
		};
/* End PBXProject section */

/* Begin PBXResourcesBuildPhase section */
		022A1C4F1BB5D9360050967A /* Resources */ = {
			isa = PBXResourcesBuildPhase;
			buildActionMask = 2147483647;
			files = (
				022A1C5F1BB5D9360050967A /* LaunchScreen.storyboard in Resources */,
				022A1C5C1BB5D9360050967A /* Assets.xcassets in Resources */,
				022A1C5A1BB5D9360050967A /* Main.storyboard in Resources */,
			);
			runOnlyForDeploymentPostprocessing = 0;
		};
		022A1C611BB5D9360050967A /* Resources */ = {
			isa = PBXResourcesBuildPhase;
			buildActionMask = 2147483647;
			files = (
				022A1CE01BB9D3770050967A /* d6.jpg in Resources */,
				022A1CE81BBC6C810050967A /* d10.jpg in Resources */,
				022A1CD81BB9CDA60050967A /* d20.jpg in Resources */,
				022A1CDE1BB9D3670050967A /* d4.jpg in Resources */,
				022A1CEA1BBC6C810050967A /* d100.jpg in Resources */,
				022A1C6C1BB5D9360050967A /* Assets.xcassets in Resources */,
				022A1CE91BBC6C810050967A /* d12.jpg in Resources */,
				022A1CE21BB9D3800050967A /* d8.jpg in Resources */,
			);
			runOnlyForDeploymentPostprocessing = 0;
		};
		022A1C701BB5D9360050967A /* Resources */ = {
			isa = PBXResourcesBuildPhase;
			buildActionMask = 2147483647;
			files = (
				02120BE21BCEEC630007BF2C /* interface.Storyboard in Resources */,
				022A1C801BB5D9370050967A /* Assets.xcassets in Resources */,
			);
			runOnlyForDeploymentPostprocessing = 0;
		};
/* End PBXResourcesBuildPhase section */

/* Begin PBXSourcesBuildPhase section */
		022A1C4D1BB5D9360050967A /* Sources */ = {
			isa = PBXSourcesBuildPhase;
			buildActionMask = 2147483647;
			files = (
				022A1C571BB5D9360050967A /* ViewController.swift in Sources */,
				022A1C551BB5D9360050967A /* AppDelegate.swift in Sources */,
			);
			runOnlyForDeploymentPostprocessing = 0;
		};
		022A1C6E1BB5D9360050967A /* Sources */ = {
			isa = PBXSourcesBuildPhase;
			buildActionMask = 2147483647;
			files = (
				022A1C7E1BB5D9360050967A /* NotificationController.swift in Sources */,
				02DEA4EE1BC5AB66003C47CE /* QuanitySelectScreenIC.swift in Sources */,
				022A1CE41BBB67350050967A /* diceRow.swift in Sources */,
				02DEA4EA1BC5AB19003C47CE /* MainScreenIC.swift in Sources */,
				02DEA4EC1BC5AB2F003C47CE /* DiceSelectIC.swift in Sources */,
				024835FA1BC84FA400B94E67 /* rollRow.swift in Sources */,
				022A1C7C1BB5D9360050967A /* ExtensionDelegate.swift in Sources */,
				022A1C7A1BB5D9360050967A /* InterfaceController.swift in Sources */,
				022A1CEE1BBC6EEB0050967A /* pickerExampleIC.swift in Sources */,
				024835F81BC84CA400B94E67 /* Roll.swift in Sources */,
				022A1CDC1BB9CEFD0050967A /* tableExampleIC.swift in Sources */,
				02DEA4E81BC5AA2B003C47CE /* DiceRollerMain.swift in Sources */,
			);
			runOnlyForDeploymentPostprocessing = 0;
		};
/* End PBXSourcesBuildPhase section */

/* Begin PBXTargetDependency section */
		022A1C661BB5D9360050967A /* PBXTargetDependency */ = {
			isa = PBXTargetDependency;
			target = 022A1C621BB5D9360050967A /* DiceRoller WatchKit App */;
			targetProxy = 022A1C651BB5D9360050967A /* PBXContainerItemProxy */;
		};
		022A1C751BB5D9360050967A /* PBXTargetDependency */ = {
			isa = PBXTargetDependency;
			target = 022A1C711BB5D9360050967A /* DiceRoller WatchKit Extension */;
			targetProxy = 022A1C741BB5D9360050967A /* PBXContainerItemProxy */;
		};
/* End PBXTargetDependency section */

/* Begin PBXVariantGroup section */
		022A1C581BB5D9360050967A /* Main.storyboard */ = {
			isa = PBXVariantGroup;
			children = (
				022A1C591BB5D9360050967A /* Base */,
			);
			name = Main.storyboard;
			sourceTree = "<group>";
		};
		022A1C5D1BB5D9360050967A /* LaunchScreen.storyboard */ = {
			isa = PBXVariantGroup;
			children = (
				022A1C5E1BB5D9360050967A /* Base */,
			);
			name = LaunchScreen.storyboard;
			sourceTree = "<group>";
		};
/* End PBXVariantGroup section */

/* Begin XCBuildConfiguration section */
		022A1C821BB5D9370050967A /* Debug */ = {
			isa = XCBuildConfiguration;
			buildSettings = {
				ALWAYS_SEARCH_USER_PATHS = NO;
				CLANG_CXX_LANGUAGE_STANDARD = "gnu++0x";
				CLANG_CXX_LIBRARY = "libc++";
				CLANG_ENABLE_MODULES = YES;
				CLANG_ENABLE_OBJC_ARC = YES;
				CLANG_WARN_BOOL_CONVERSION = YES;
				CLANG_WARN_CONSTANT_CONVERSION = YES;
				CLANG_WARN_DIRECT_OBJC_ISA_USAGE = YES_ERROR;
				CLANG_WARN_EMPTY_BODY = YES;
				CLANG_WARN_ENUM_CONVERSION = YES;
				CLANG_WARN_INT_CONVERSION = YES;
				CLANG_WARN_OBJC_ROOT_CLASS = YES_ERROR;
				CLANG_WARN_UNREACHABLE_CODE = YES;
				CLANG_WARN__DUPLICATE_METHOD_MATCH = YES;
				"CODE_SIGN_IDENTITY[sdk=iphoneos*]" = "iPhone Developer";
				COPY_PHASE_STRIP = NO;
				DEBUG_INFORMATION_FORMAT = dwarf;
				ENABLE_STRICT_OBJC_MSGSEND = YES;
				ENABLE_TESTABILITY = YES;
				GCC_C_LANGUAGE_STANDARD = gnu99;
				GCC_DYNAMIC_NO_PIC = NO;
				GCC_NO_COMMON_BLOCKS = YES;
				GCC_OPTIMIZATION_LEVEL = 0;
				GCC_PREPROCESSOR_DEFINITIONS = (
					"DEBUG=1",
					"$(inherited)",
				);
				GCC_WARN_64_TO_32_BIT_CONVERSION = YES;
				GCC_WARN_ABOUT_RETURN_TYPE = YES_ERROR;
				GCC_WARN_UNDECLARED_SELECTOR = YES;
				GCC_WARN_UNINITIALIZED_AUTOS = YES_AGGRESSIVE;
				GCC_WARN_UNUSED_FUNCTION = YES;
				GCC_WARN_UNUSED_VARIABLE = YES;
				IPHONEOS_DEPLOYMENT_TARGET = 9.0;
				MTL_ENABLE_DEBUG_INFO = YES;
				ONLY_ACTIVE_ARCH = YES;
				SDKROOT = iphoneos;
				SWIFT_OPTIMIZATION_LEVEL = "-Onone";
			};
			name = Debug;
		};
		022A1C831BB5D9370050967A /* Release */ = {
			isa = XCBuildConfiguration;
			buildSettings = {
				ALWAYS_SEARCH_USER_PATHS = NO;
				CLANG_CXX_LANGUAGE_STANDARD = "gnu++0x";
				CLANG_CXX_LIBRARY = "libc++";
				CLANG_ENABLE_MODULES = YES;
				CLANG_ENABLE_OBJC_ARC = YES;
				CLANG_WARN_BOOL_CONVERSION = YES;
				CLANG_WARN_CONSTANT_CONVERSION = YES;
				CLANG_WARN_DIRECT_OBJC_ISA_USAGE = YES_ERROR;
				CLANG_WARN_EMPTY_BODY = YES;
				CLANG_WARN_ENUM_CONVERSION = YES;
				CLANG_WARN_INT_CONVERSION = YES;
				CLANG_WARN_OBJC_ROOT_CLASS = YES_ERROR;
				CLANG_WARN_UNREACHABLE_CODE = YES;
				CLANG_WARN__DUPLICATE_METHOD_MATCH = YES;
				"CODE_SIGN_IDENTITY[sdk=iphoneos*]" = "iPhone Developer";
				COPY_PHASE_STRIP = NO;
				DEBUG_INFORMATION_FORMAT = "dwarf-with-dsym";
				ENABLE_NS_ASSERTIONS = NO;
				ENABLE_STRICT_OBJC_MSGSEND = YES;
				GCC_C_LANGUAGE_STANDARD = gnu99;
				GCC_NO_COMMON_BLOCKS = YES;
				GCC_WARN_64_TO_32_BIT_CONVERSION = YES;
				GCC_WARN_ABOUT_RETURN_TYPE = YES_ERROR;
				GCC_WARN_UNDECLARED_SELECTOR = YES;
				GCC_WARN_UNINITIALIZED_AUTOS = YES_AGGRESSIVE;
				GCC_WARN_UNUSED_FUNCTION = YES;
				GCC_WARN_UNUSED_VARIABLE = YES;
				IPHONEOS_DEPLOYMENT_TARGET = 9.0;
				MTL_ENABLE_DEBUG_INFO = NO;
				SDKROOT = iphoneos;
				VALIDATE_PRODUCT = YES;
			};
			name = Release;
		};
		022A1C851BB5D9370050967A /* Debug */ = {
			isa = XCBuildConfiguration;
			buildSettings = {
				INFOPLIST_FILE = "DiceRoller WatchKit Extension/Info.plist";
				LD_RUNPATH_SEARCH_PATHS = "$(inherited) @executable_path/Frameworks @executable_path/../../Frameworks";
				PRODUCT_BUNDLE_IDENTIFIER = com.alexhinkle.DiceRoller.watchkitapp.watchkitextension;
				PRODUCT_NAME = "${TARGET_NAME}";
				SDKROOT = watchos;
				SKIP_INSTALL = YES;
				TARGETED_DEVICE_FAMILY = 4;
				WATCHOS_DEPLOYMENT_TARGET = 2.0;
			};
			name = Debug;
		};
		022A1C861BB5D9370050967A /* Release */ = {
			isa = XCBuildConfiguration;
			buildSettings = {
				INFOPLIST_FILE = "DiceRoller WatchKit Extension/Info.plist";
				LD_RUNPATH_SEARCH_PATHS = "$(inherited) @executable_path/Frameworks @executable_path/../../Frameworks";
				PRODUCT_BUNDLE_IDENTIFIER = com.alexhinkle.DiceRoller.watchkitapp.watchkitextension;
				PRODUCT_NAME = "${TARGET_NAME}";
				SDKROOT = watchos;
				SKIP_INSTALL = YES;
				TARGETED_DEVICE_FAMILY = 4;
				WATCHOS_DEPLOYMENT_TARGET = 2.0;
			};
			name = Release;
		};
		022A1C891BB5D9370050967A /* Debug */ = {
			isa = XCBuildConfiguration;
			buildSettings = {
				ASSETCATALOG_COMPILER_APPICON_NAME = AppIcon;
				CLANG_ENABLE_MODULES = YES;
				EMBEDDED_CONTENT_CONTAINS_SWIFT = YES;
				IBSC_MODULE = DiceRoller_WatchKit_Extension;
				INFOPLIST_FILE = "DiceRoller WatchKit App/Info.plist";
				LD_RUNPATH_SEARCH_PATHS = "$(inherited) @executable_path/../Frameworks @loader_path/../Frameworks";
				PRODUCT_BUNDLE_IDENTIFIER = com.alexhinkle.DiceRoller.watchkitapp;
				PRODUCT_NAME = "$(TARGET_NAME)";
				SDKROOT = watchos;
				SKIP_INSTALL = YES;
				SWIFT_OPTIMIZATION_LEVEL = "-Onone";
				TARGETED_DEVICE_FAMILY = 4;
				WATCHOS_DEPLOYMENT_TARGET = 2.0;
			};
			name = Debug;
		};
		022A1C8A1BB5D9370050967A /* Release */ = {
			isa = XCBuildConfiguration;
			buildSettings = {
				ASSETCATALOG_COMPILER_APPICON_NAME = AppIcon;
				CLANG_ENABLE_MODULES = YES;
				EMBEDDED_CONTENT_CONTAINS_SWIFT = YES;
				IBSC_MODULE = DiceRoller_WatchKit_Extension;
				INFOPLIST_FILE = "DiceRoller WatchKit App/Info.plist";
				LD_RUNPATH_SEARCH_PATHS = "$(inherited) @executable_path/../Frameworks @loader_path/../Frameworks";
				PRODUCT_BUNDLE_IDENTIFIER = com.alexhinkle.DiceRoller.watchkitapp;
				PRODUCT_NAME = "$(TARGET_NAME)";
				SDKROOT = watchos;
				SKIP_INSTALL = YES;
				TARGETED_DEVICE_FAMILY = 4;
				WATCHOS_DEPLOYMENT_TARGET = 2.0;
			};
			name = Release;
		};
		022A1C8D1BB5D9370050967A /* Debug */ = {
			isa = XCBuildConfiguration;
			buildSettings = {
				ASSETCATALOG_COMPILER_APPICON_NAME = AppIcon;
				INFOPLIST_FILE = DiceRoller/Info.plist;
				LD_RUNPATH_SEARCH_PATHS = "$(inherited) @executable_path/Frameworks";
				PRODUCT_BUNDLE_IDENTIFIER = com.alexhinkle.DiceRoller;
				PRODUCT_NAME = "$(TARGET_NAME)";
			};
			name = Debug;
		};
		022A1C8E1BB5D9370050967A /* Release */ = {
			isa = XCBuildConfiguration;
			buildSettings = {
				ASSETCATALOG_COMPILER_APPICON_NAME = AppIcon;
				INFOPLIST_FILE = DiceRoller/Info.plist;
				LD_RUNPATH_SEARCH_PATHS = "$(inherited) @executable_path/Frameworks";
				PRODUCT_BUNDLE_IDENTIFIER = com.alexhinkle.DiceRoller;
				PRODUCT_NAME = "$(TARGET_NAME)";
			};
			name = Release;
		};
/* End XCBuildConfiguration section */

/* Begin XCConfigurationList section */
		022A1C4C1BB5D9360050967A /* Build configuration list for PBXProject "DiceRoller" */ = {
			isa = XCConfigurationList;
			buildConfigurations = (
				022A1C821BB5D9370050967A /* Debug */,
				022A1C831BB5D9370050967A /* Release */,
			);
			defaultConfigurationIsVisible = 0;
			defaultConfigurationName = Release;
		};
		022A1C841BB5D9370050967A /* Build configuration list for PBXNativeTarget "DiceRoller WatchKit Extension" */ = {
			isa = XCConfigurationList;
			buildConfigurations = (
				022A1C851BB5D9370050967A /* Debug */,
				022A1C861BB5D9370050967A /* Release */,
			);
			defaultConfigurationIsVisible = 0;
			defaultConfigurationName = Release;
		};
		022A1C881BB5D9370050967A /* Build configuration list for PBXNativeTarget "DiceRoller WatchKit App" */ = {
			isa = XCConfigurationList;
			buildConfigurations = (
				022A1C891BB5D9370050967A /* Debug */,
				022A1C8A1BB5D9370050967A /* Release */,
			);
			defaultConfigurationIsVisible = 0;
			defaultConfigurationName = Release;
		};
		022A1C8C1BB5D9370050967A /* Build configuration list for PBXNativeTarget "DiceRoller" */ = {
			isa = XCConfigurationList;
			buildConfigurations = (
				022A1C8D1BB5D9370050967A /* Debug */,
				022A1C8E1BB5D9370050967A /* Release */,
			);
			defaultConfigurationIsVisible = 0;
			defaultConfigurationName = Release;
		};
/* End XCConfigurationList section */
	};
	rootObject = 022A1C491BB5D9360050967A /* Project object */;
}
