// !$*UTF8*$!
{
	archiveVersion = 1;
	classes = {
	};
	objectVersion = 46;
	objects = {

/* Begin PBXBuildFile section */
		0240B54F1BB338170060E9E3 /* page2.swift in Sources */ = {isa = PBXBuildFile; fileRef = 0240B54E1BB338170060E9E3 /* page2.swift */; settings = {ASSET_TAGS = (); }; };
		0240B5511BB33C080060E9E3 /* page3.swift in Sources */ = {isa = PBXBuildFile; fileRef = 0240B5501BB33C080060E9E3 /* page3.swift */; settings = {ASSET_TAGS = (); }; };
		02BD90221BB2123900637DED /* AppDelegate.swift in Sources */ = {isa = PBXBuildFile; fileRef = 02BD90211BB2123900637DED /* AppDelegate.swift */; };
		02BD90241BB2123900637DED /* ViewController.swift in Sources */ = {isa = PBXBuildFile; fileRef = 02BD90231BB2123900637DED /* ViewController.swift */; };
		02BD90271BB2123900637DED /* Main.storyboard in Resources */ = {isa = PBXBuildFile; fileRef = 02BD90251BB2123900637DED /* Main.storyboard */; };
		02BD90291BB2123900637DED /* Assets.xcassets in Resources */ = {isa = PBXBuildFile; fileRef = 02BD90281BB2123900637DED /* Assets.xcassets */; };
		02BD902C1BB2123900637DED /* LaunchScreen.storyboard in Resources */ = {isa = PBXBuildFile; fileRef = 02BD902A1BB2123900637DED /* LaunchScreen.storyboard */; };
		02BD90311BB2123900637DED /* 390hw1 WatchKit App.app in Embed Watch Content */ = {isa = PBXBuildFile; fileRef = 02BD90301BB2123900637DED /* 390hw1 WatchKit App.app */; };
		02BD90371BB2123900637DED /* Interface.storyboard in Resources */ = {isa = PBXBuildFile; fileRef = 02BD90351BB2123900637DED /* Interface.storyboard */; };
		02BD90391BB2123900637DED /* Assets.xcassets in Resources */ = {isa = PBXBuildFile; fileRef = 02BD90381BB2123900637DED /* Assets.xcassets */; };
		02BD90401BB2123900637DED /* 390hw1 WatchKit Extension.appex in Embed App Extensions */ = {isa = PBXBuildFile; fileRef = 02BD903F1BB2123900637DED /* 390hw1 WatchKit Extension.appex */; settings = {ATTRIBUTES = (RemoveHeadersOnCopy, ); }; };
		02BD90471BB2123900637DED /* InterfaceController.swift in Sources */ = {isa = PBXBuildFile; fileRef = 02BD90461BB2123900637DED /* InterfaceController.swift */; };
		02BD90491BB2123900637DED /* ExtensionDelegate.swift in Sources */ = {isa = PBXBuildFile; fileRef = 02BD90481BB2123900637DED /* ExtensionDelegate.swift */; };
		02BD904B1BB2123900637DED /* NotificationController.swift in Sources */ = {isa = PBXBuildFile; fileRef = 02BD904A1BB2123900637DED /* NotificationController.swift */; };
		02BD904D1BB2123900637DED /* Assets.xcassets in Resources */ = {isa = PBXBuildFile; fileRef = 02BD904C1BB2123900637DED /* Assets.xcassets */; };
/* End PBXBuildFile section */

/* Begin PBXContainerItemProxy section */
		02BD90321BB2123900637DED /* PBXContainerItemProxy */ = {
			isa = PBXContainerItemProxy;
			containerPortal = 02BD90161BB2123900637DED /* Project object */;
			proxyType = 1;
			remoteGlobalIDString = 02BD902F1BB2123900637DED;
			remoteInfo = "390hw1 WatchKit App";
		};
		02BD90411BB2123900637DED /* PBXContainerItemProxy */ = {
			isa = PBXContainerItemProxy;
			containerPortal = 02BD90161BB2123900637DED /* Project object */;
			proxyType = 1;
			remoteGlobalIDString = 02BD903E1BB2123900637DED;
			remoteInfo = "390hw1 WatchKit Extension";
		};
/* End PBXContainerItemProxy section */

/* Begin PBXCopyFilesBuildPhase section */
		02BD90541BB2123900637DED /* Embed App Extensions */ = {
			isa = PBXCopyFilesBuildPhase;
			buildActionMask = 2147483647;
			dstPath = "";
			dstSubfolderSpec = 13;
			files = (
				02BD90401BB2123900637DED /* 390hw1 WatchKit Extension.appex in Embed App Extensions */,
			);
			name = "Embed App Extensions";
			runOnlyForDeploymentPostprocessing = 0;
		};
		02BD90581BB2123900637DED /* Embed Watch Content */ = {
			isa = PBXCopyFilesBuildPhase;
			buildActionMask = 2147483647;
			dstPath = "$(CONTENTS_FOLDER_PATH)/Watch";
			dstSubfolderSpec = 16;
			files = (
				02BD90311BB2123900637DED /* 390hw1 WatchKit App.app in Embed Watch Content */,
			);
			name = "Embed Watch Content";
			runOnlyForDeploymentPostprocessing = 0;
		};
/* End PBXCopyFilesBuildPhase section */

/* Begin PBXFileReference section */
		0240B54E1BB338170060E9E3 /* page2.swift */ = {isa = PBXFileReference; fileEncoding = 4; lastKnownFileType = sourcecode.swift; path = page2.swift; sourceTree = "<group>"; };
		0240B5501BB33C080060E9E3 /* page3.swift */ = {isa = PBXFileReference; fileEncoding = 4; lastKnownFileType = sourcecode.swift; path = page3.swift; sourceTree = "<group>"; };
		02BD901E1BB2123900637DED /* 390hw1.app */ = {isa = PBXFileReference; explicitFileType = wrapper.application; includeInIndex = 0; path = 390hw1.app; sourceTree = BUILT_PRODUCTS_DIR; };
		02BD90211BB2123900637DED /* AppDelegate.swift */ = {isa = PBXFileReference; lastKnownFileType = sourcecode.swift; path = AppDelegate.swift; sourceTree = "<group>"; };
		02BD90231BB2123900637DED /* ViewController.swift */ = {isa = PBXFileReference; lastKnownFileType = sourcecode.swift; path = ViewController.swift; sourceTree = "<group>"; };
		02BD90261BB2123900637DED /* Base */ = {isa = PBXFileReference; lastKnownFileType = file.storyboard; name = Base; path = Base.lproj/Main.storyboard; sourceTree = "<group>"; };
		02BD90281BB2123900637DED /* Assets.xcassets */ = {isa = PBXFileReference; lastKnownFileType = folder.assetcatalog; path = Assets.xcassets; sourceTree = "<group>"; };
		02BD902B1BB2123900637DED /* Base */ = {isa = PBXFileReference; lastKnownFileType = file.storyboard; name = Base; path = Base.lproj/LaunchScreen.storyboard; sourceTree = "<group>"; };
		02BD902D1BB2123900637DED /* Info.plist */ = {isa = PBXFileReference; lastKnownFileType = text.plist.xml; path = Info.plist; sourceTree = "<group>"; };
		02BD90301BB2123900637DED /* 390hw1 WatchKit App.app */ = {isa = PBXFileReference; explicitFileType = wrapper.application; includeInIndex = 0; path = "390hw1 WatchKit App.app"; sourceTree = BUILT_PRODUCTS_DIR; };
		02BD90361BB2123900637DED /* Base */ = {isa = PBXFileReference; lastKnownFileType = file.storyboard; name = Base; path = Base.lproj/Interface.storyboard; sourceTree = "<group>"; };
		02BD90381BB2123900637DED /* Assets.xcassets */ = {isa = PBXFileReference; lastKnownFileType = folder.assetcatalog; path = Assets.xcassets; sourceTree = "<group>"; };
		02BD903A1BB2123900637DED /* Info.plist */ = {isa = PBXFileReference; lastKnownFileType = text.plist.xml; path = Info.plist; sourceTree = "<group>"; };
		02BD903F1BB2123900637DED /* 390hw1 WatchKit Extension.appex */ = {isa = PBXFileReference; explicitFileType = "wrapper.app-extension"; includeInIndex = 0; path = "390hw1 WatchKit Extension.appex"; sourceTree = BUILT_PRODUCTS_DIR; };
		02BD90451BB2123900637DED /* PushNotificationPayload.apns */ = {isa = PBXFileReference; lastKnownFileType = text; path = PushNotificationPayload.apns; sourceTree = "<group>"; };
		02BD90461BB2123900637DED /* InterfaceController.swift */ = {isa = PBXFileReference; lastKnownFileType = sourcecode.swift; path = InterfaceController.swift; sourceTree = "<group>"; };
		02BD90481BB2123900637DED /* ExtensionDelegate.swift */ = {isa = PBXFileReference; lastKnownFileType = sourcecode.swift; path = ExtensionDelegate.swift; sourceTree = "<group>"; };
		02BD904A1BB2123900637DED /* NotificationController.swift */ = {isa = PBXFileReference; lastKnownFileType = sourcecode.swift; path = NotificationController.swift; sourceTree = "<group>"; };
		02BD904C1BB2123900637DED /* Assets.xcassets */ = {isa = PBXFileReference; lastKnownFileType = folder.assetcatalog; path = Assets.xcassets; sourceTree = "<group>"; };
		02BD904E1BB2123900637DED /* Info.plist */ = {isa = PBXFileReference; lastKnownFileType = text.plist.xml; path = Info.plist; sourceTree = "<group>"; };
/* End PBXFileReference section */

/* Begin PBXFrameworksBuildPhase section */
		02BD901B1BB2123900637DED /* Frameworks */ = {
			isa = PBXFrameworksBuildPhase;
			buildActionMask = 2147483647;
			files = (
			);
			runOnlyForDeploymentPostprocessing = 0;
		};
		02BD903C1BB2123900637DED /* Frameworks */ = {
			isa = PBXFrameworksBuildPhase;
			buildActionMask = 2147483647;
			files = (
			);
			runOnlyForDeploymentPostprocessing = 0;
		};
/* End PBXFrameworksBuildPhase section */

/* Begin PBXGroup section */
		02BD90151BB2123900637DED = {
			isa = PBXGroup;
			children = (
				02BD90201BB2123900637DED /* 390hw1 */,
				02BD90341BB2123900637DED /* 390hw1 WatchKit App */,
				02BD90431BB2123900637DED /* 390hw1 WatchKit Extension */,
				02BD901F1BB2123900637DED /* Products */,
			);
			sourceTree = "<group>";
		};
		02BD901F1BB2123900637DED /* Products */ = {
			isa = PBXGroup;
			children = (
				02BD901E1BB2123900637DED /* 390hw1.app */,
				02BD90301BB2123900637DED /* 390hw1 WatchKit App.app */,
				02BD903F1BB2123900637DED /* 390hw1 WatchKit Extension.appex */,
			);
			name = Products;
			sourceTree = "<group>";
		};
		02BD90201BB2123900637DED /* 390hw1 */ = {
			isa = PBXGroup;
			children = (
				02BD90211BB2123900637DED /* AppDelegate.swift */,
				02BD90231BB2123900637DED /* ViewController.swift */,
				02BD90251BB2123900637DED /* Main.storyboard */,
				02BD90281BB2123900637DED /* Assets.xcassets */,
				02BD902A1BB2123900637DED /* LaunchScreen.storyboard */,
				02BD902D1BB2123900637DED /* Info.plist */,
			);
			path = 390hw1;
			sourceTree = "<group>";
		};
		02BD90341BB2123900637DED /* 390hw1 WatchKit App */ = {
			isa = PBXGroup;
			children = (
				02BD90351BB2123900637DED /* Interface.storyboard */,
				02BD90381BB2123900637DED /* Assets.xcassets */,
				02BD903A1BB2123900637DED /* Info.plist */,
			);
			path = "390hw1 WatchKit App";
			sourceTree = "<group>";
		};
		02BD90431BB2123900637DED /* 390hw1 WatchKit Extension */ = {
			isa = PBXGroup;
			children = (
				0240B5501BB33C080060E9E3 /* page3.swift */,
				0240B54E1BB338170060E9E3 /* page2.swift */,
				02BD90461BB2123900637DED /* InterfaceController.swift */,
				02BD90481BB2123900637DED /* ExtensionDelegate.swift */,
				02BD904A1BB2123900637DED /* NotificationController.swift */,
				02BD904C1BB2123900637DED /* Assets.xcassets */,
				02BD904E1BB2123900637DED /* Info.plist */,
				02BD90441BB2123900637DED /* Supporting Files */,
			);
			path = "390hw1 WatchKit Extension";
			sourceTree = "<group>";
		};
		02BD90441BB2123900637DED /* Supporting Files */ = {
			isa = PBXGroup;
			children = (
				02BD90451BB2123900637DED /* PushNotificationPayload.apns */,
			);
			name = "Supporting Files";
			sourceTree = "<group>";
		};
/* End PBXGroup section */

/* Begin PBXNativeTarget section */
		02BD901D1BB2123900637DED /* 390hw1 */ = {
			isa = PBXNativeTarget;
			buildConfigurationList = 02BD90591BB2123900637DED /* Build configuration list for PBXNativeTarget "390hw1" */;
			buildPhases = (
				02BD901A1BB2123900637DED /* Sources */,
				02BD901B1BB2123900637DED /* Frameworks */,
				02BD901C1BB2123900637DED /* Resources */,
				02BD90581BB2123900637DED /* Embed Watch Content */,
			);
			buildRules = (
			);
			dependencies = (
				02BD90331BB2123900637DED /* PBXTargetDependency */,
			);
			name = 390hw1;
			productName = 390hw1;
			productReference = 02BD901E1BB2123900637DED /* 390hw1.app */;
			productType = "com.apple.product-type.application";
		};
		02BD902F1BB2123900637DED /* 390hw1 WatchKit App */ = {
			isa = PBXNativeTarget;
			buildConfigurationList = 02BD90551BB2123900637DED /* Build configuration list for PBXNativeTarget "390hw1 WatchKit App" */;
			buildPhases = (
				02BD902E1BB2123900637DED /* Resources */,
				02BD90541BB2123900637DED /* Embed App Extensions */,
			);
			buildRules = (
			);
			dependencies = (
				02BD90421BB2123900637DED /* PBXTargetDependency */,
			);
			name = "390hw1 WatchKit App";
			productName = "390hw1 WatchKit App";
			productReference = 02BD90301BB2123900637DED /* 390hw1 WatchKit App.app */;
			productType = "com.apple.product-type.application.watchapp2";
		};
		02BD903E1BB2123900637DED /* 390hw1 WatchKit Extension */ = {
			isa = PBXNativeTarget;
			buildConfigurationList = 02BD90511BB2123900637DED /* Build configuration list for PBXNativeTarget "390hw1 WatchKit Extension" */;
			buildPhases = (
				02BD903B1BB2123900637DED /* Sources */,
				02BD903C1BB2123900637DED /* Frameworks */,
				02BD903D1BB2123900637DED /* Resources */,
			);
			buildRules = (
			);
			dependencies = (
			);
			name = "390hw1 WatchKit Extension";
			productName = "390hw1 WatchKit Extension";
			productReference = 02BD903F1BB2123900637DED /* 390hw1 WatchKit Extension.appex */;
			productType = "com.apple.product-type.watchkit2-extension";
		};
/* End PBXNativeTarget section */

/* Begin PBXProject section */
		02BD90161BB2123900637DED /* Project object */ = {
			isa = PBXProject;
			attributes = {
				LastUpgradeCheck = 0700;
				ORGANIZATIONNAME = "Alex Hinkle";
				TargetAttributes = {
					02BD901D1BB2123900637DED = {
						CreatedOnToolsVersion = 7.0;
						DevelopmentTeam = 2S89AER7L6;
					};
					02BD902F1BB2123900637DED = {
						CreatedOnToolsVersion = 7.0;
						DevelopmentTeam = 2S89AER7L6;
					};
					02BD903E1BB2123900637DED = {
						CreatedOnToolsVersion = 7.0;
						DevelopmentTeam = 2S89AER7L6;
					};
				};
			};
			buildConfigurationList = 02BD90191BB2123900637DED /* Build configuration list for PBXProject "390hw1" */;
			compatibilityVersion = "Xcode 3.2";
			developmentRegion = English;
			hasScannedForEncodings = 0;
			knownRegions = (
				en,
				Base,
			);
			mainGroup = 02BD90151BB2123900637DED;
			productRefGroup = 02BD901F1BB2123900637DED /* Products */;
			projectDirPath = "";
			projectRoot = "";
			targets = (
				02BD901D1BB2123900637DED /* 390hw1 */,
				02BD902F1BB2123900637DED /* 390hw1 WatchKit App */,
				02BD903E1BB2123900637DED /* 390hw1 WatchKit Extension */,
			);
		};
/* End PBXProject section */

/* Begin PBXResourcesBuildPhase section */
		02BD901C1BB2123900637DED /* Resources */ = {
			isa = PBXResourcesBuildPhase;
			buildActionMask = 2147483647;
			files = (
				02BD902C1BB2123900637DED /* LaunchScreen.storyboard in Resources */,
				02BD90291BB2123900637DED /* Assets.xcassets in Resources */,
				02BD90271BB2123900637DED /* Main.storyboard in Resources */,
			);
			runOnlyForDeploymentPostprocessing = 0;
		};
		02BD902E1BB2123900637DED /* Resources */ = {
			isa = PBXResourcesBuildPhase;
			buildActionMask = 2147483647;
			files = (
				02BD90391BB2123900637DED /* Assets.xcassets in Resources */,
				02BD90371BB2123900637DED /* Interface.storyboard in Resources */,
			);
			runOnlyForDeploymentPostprocessing = 0;
		};
		02BD903D1BB2123900637DED /* Resources */ = {
			isa = PBXResourcesBuildPhase;
			buildActionMask = 2147483647;
			files = (
				02BD904D1BB2123900637DED /* Assets.xcassets in Resources */,
			);
			runOnlyForDeploymentPostprocessing = 0;
		};
/* End PBXResourcesBuildPhase section */

/* Begin PBXSourcesBuildPhase section */
		02BD901A1BB2123900637DED /* Sources */ = {
			isa = PBXSourcesBuildPhase;
			buildActionMask = 2147483647;
			files = (
				02BD90241BB2123900637DED /* ViewController.swift in Sources */,
				02BD90221BB2123900637DED /* AppDelegate.swift in Sources */,
			);
			runOnlyForDeploymentPostprocessing = 0;
		};
		02BD903B1BB2123900637DED /* Sources */ = {
			isa = PBXSourcesBuildPhase;
			buildActionMask = 2147483647;
			files = (
				02BD904B1BB2123900637DED /* NotificationController.swift in Sources */,
				0240B54F1BB338170060E9E3 /* page2.swift in Sources */,
				02BD90491BB2123900637DED /* ExtensionDelegate.swift in Sources */,
				02BD90471BB2123900637DED /* InterfaceController.swift in Sources */,
				0240B5511BB33C080060E9E3 /* page3.swift in Sources */,
			);
			runOnlyForDeploymentPostprocessing = 0;
		};
/* End PBXSourcesBuildPhase section */

/* Begin PBXTargetDependency section */
		02BD90331BB2123900637DED /* PBXTargetDependency */ = {
			isa = PBXTargetDependency;
			target = 02BD902F1BB2123900637DED /* 390hw1 WatchKit App */;
			targetProxy = 02BD90321BB2123900637DED /* PBXContainerItemProxy */;
		};
		02BD90421BB2123900637DED /* PBXTargetDependency */ = {
			isa = PBXTargetDependency;
			target = 02BD903E1BB2123900637DED /* 390hw1 WatchKit Extension */;
			targetProxy = 02BD90411BB2123900637DED /* PBXContainerItemProxy */;
		};
/* End PBXTargetDependency section */

/* Begin PBXVariantGroup section */
		02BD90251BB2123900637DED /* Main.storyboard */ = {
			isa = PBXVariantGroup;
			children = (
				02BD90261BB2123900637DED /* Base */,
			);
			name = Main.storyboard;
			sourceTree = "<group>";
		};
		02BD902A1BB2123900637DED /* LaunchScreen.storyboard */ = {
			isa = PBXVariantGroup;
			children = (
				02BD902B1BB2123900637DED /* Base */,
			);
			name = LaunchScreen.storyboard;
			sourceTree = "<group>";
		};
		02BD90351BB2123900637DED /* Interface.storyboard */ = {
			isa = PBXVariantGroup;
			children = (
				02BD90361BB2123900637DED /* Base */,
			);
			name = Interface.storyboard;
			sourceTree = "<group>";
		};
/* End PBXVariantGroup section */

/* Begin XCBuildConfiguration section */
		02BD904F1BB2123900637DED /* Debug */ = {
			isa = XCBuildConfiguration;
			buildSettings = {
				ALWAYS_SEARCH_USER_PATHS = NO;
				CLANG_CXX_LANGUAGE_STANDARD = "gnu++0x";
				CLANG_CXX_LIBRARY = "libc++";
				CLANG_ENABLE_MODULES = YES;
				CLANG_ENABLE_OBJC_ARC = YES;
				CLANG_WARN_BOOL_CONVERSION = YES;
				CLANG_WARN_CONSTANT_CONVERSION = YES;
				CLANG_WARN_DIRECT_OBJC_ISA_USAGE = YES_ERROR;
				CLANG_WARN_EMPTY_BODY = YES;
				CLANG_WARN_ENUM_CONVERSION = YES;
				CLANG_WARN_INT_CONVERSION = YES;
				CLANG_WARN_OBJC_ROOT_CLASS = YES_ERROR;
				CLANG_WARN_UNREACHABLE_CODE = YES;
				CLANG_WARN__DUPLICATE_METHOD_MATCH = YES;
				"CODE_SIGN_IDENTITY[sdk=iphoneos*]" = "iPhone Developer";
				COPY_PHASE_STRIP = NO;
				DEBUG_INFORMATION_FORMAT = dwarf;
				ENABLE_STRICT_OBJC_MSGSEND = YES;
				ENABLE_TESTABILITY = YES;
				GCC_C_LANGUAGE_STANDARD = gnu99;
				GCC_DYNAMIC_NO_PIC = NO;
				GCC_NO_COMMON_BLOCKS = YES;
				GCC_OPTIMIZATION_LEVEL = 0;
				GCC_PREPROCESSOR_DEFINITIONS = (
					"DEBUG=1",
					"$(inherited)",
				);
				GCC_WARN_64_TO_32_BIT_CONVERSION = YES;
				GCC_WARN_ABOUT_RETURN_TYPE = YES_ERROR;
				GCC_WARN_UNDECLARED_SELECTOR = YES;
				GCC_WARN_UNINITIALIZED_AUTOS = YES_AGGRESSIVE;
				GCC_WARN_UNUSED_FUNCTION = YES;
				GCC_WARN_UNUSED_VARIABLE = YES;
				IPHONEOS_DEPLOYMENT_TARGET = 9.0;
				MTL_ENABLE_DEBUG_INFO = YES;
				ONLY_ACTIVE_ARCH = YES;
				SDKROOT = iphoneos;
				SWIFT_OPTIMIZATION_LEVEL = "-Onone";
			};
			name = Debug;
		};
		02BD90501BB2123900637DED /* Release */ = {
			isa = XCBuildConfiguration;
			buildSettings = {
				ALWAYS_SEARCH_USER_PATHS = NO;
				CLANG_CXX_LANGUAGE_STANDARD = "gnu++0x";
				CLANG_CXX_LIBRARY = "libc++";
				CLANG_ENABLE_MODULES = YES;
				CLANG_ENABLE_OBJC_ARC = YES;
				CLANG_WARN_BOOL_CONVERSION = YES;
				CLANG_WARN_CONSTANT_CONVERSION = YES;
				CLANG_WARN_DIRECT_OBJC_ISA_USAGE = YES_ERROR;
				CLANG_WARN_EMPTY_BODY = YES;
				CLANG_WARN_ENUM_CONVERSION = YES;
				CLANG_WARN_INT_CONVERSION = YES;
				CLANG_WARN_OBJC_ROOT_CLASS = YES_ERROR;
				CLANG_WARN_UNREACHABLE_CODE = YES;
				CLANG_WARN__DUPLICATE_METHOD_MATCH = YES;
				"CODE_SIGN_IDENTITY[sdk=iphoneos*]" = "iPhone Developer";
				COPY_PHASE_STRIP = NO;
				DEBUG_INFORMATION_FORMAT = "dwarf-with-dsym";
				ENABLE_NS_ASSERTIONS = NO;
				ENABLE_STRICT_OBJC_MSGSEND = YES;
				GCC_C_LANGUAGE_STANDARD = gnu99;
				GCC_NO_COMMON_BLOCKS = YES;
				GCC_WARN_64_TO_32_BIT_CONVERSION = YES;
				GCC_WARN_ABOUT_RETURN_TYPE = YES_ERROR;
				GCC_WARN_UNDECLARED_SELECTOR = YES;
				GCC_WARN_UNINITIALIZED_AUTOS = YES_AGGRESSIVE;
				GCC_WARN_UNUSED_FUNCTION = YES;
				GCC_WARN_UNUSED_VARIABLE = YES;
				IPHONEOS_DEPLOYMENT_TARGET = 9.0;
				MTL_ENABLE_DEBUG_INFO = NO;
				SDKROOT = iphoneos;
				VALIDATE_PRODUCT = YES;
			};
			name = Release;
		};
		02BD90521BB2123900637DED /* Debug */ = {
			isa = XCBuildConfiguration;
			buildSettings = {
				INFOPLIST_FILE = "390hw1 WatchKit Extension/Info.plist";
				LD_RUNPATH_SEARCH_PATHS = "$(inherited) @executable_path/Frameworks @executable_path/../../Frameworks";
				PRODUCT_BUNDLE_IDENTIFIER = "com.alexhinkle.-90hw1.watchkitapp.watchkitextension";
				PRODUCT_NAME = "${TARGET_NAME}";
				SDKROOT = watchos;
				SKIP_INSTALL = YES;
				TARGETED_DEVICE_FAMILY = 4;
				WATCHOS_DEPLOYMENT_TARGET = 2.0;
			};
			name = Debug;
		};
		02BD90531BB2123900637DED /* Release */ = {
			isa = XCBuildConfiguration;
			buildSettings = {
				INFOPLIST_FILE = "390hw1 WatchKit Extension/Info.plist";
				LD_RUNPATH_SEARCH_PATHS = "$(inherited) @executable_path/Frameworks @executable_path/../../Frameworks";
				PRODUCT_BUNDLE_IDENTIFIER = "com.alexhinkle.-90hw1.watchkitapp.watchkitextension";
				PRODUCT_NAME = "${TARGET_NAME}";
				SDKROOT = watchos;
				SKIP_INSTALL = YES;
				TARGETED_DEVICE_FAMILY = 4;
				WATCHOS_DEPLOYMENT_TARGET = 2.0;
			};
			name = Release;
		};
		02BD90561BB2123900637DED /* Debug */ = {
			isa = XCBuildConfiguration;
			buildSettings = {
				ASSETCATALOG_COMPILER_APPICON_NAME = AppIcon;
				EMBEDDED_CONTENT_CONTAINS_SWIFT = YES;
				IBSC_MODULE = _90hw1_WatchKit_Extension;
				INFOPLIST_FILE = "390hw1 WatchKit App/Info.plist";
				PRODUCT_BUNDLE_IDENTIFIER = "com.alexhinkle.-90hw1.watchkitapp";
				PRODUCT_NAME = "$(TARGET_NAME)";
				SDKROOT = watchos;
				SKIP_INSTALL = YES;
				TARGETED_DEVICE_FAMILY = 4;
				WATCHOS_DEPLOYMENT_TARGET = 2.0;
			};
			name = Debug;
		};
		02BD90571BB2123900637DED /* Release */ = {
			isa = XCBuildConfiguration;
			buildSettings = {
				ASSETCATALOG_COMPILER_APPICON_NAME = AppIcon;
				EMBEDDED_CONTENT_CONTAINS_SWIFT = YES;
				IBSC_MODULE = _90hw1_WatchKit_Extension;
				INFOPLIST_FILE = "390hw1 WatchKit App/Info.plist";
				PRODUCT_BUNDLE_IDENTIFIER = "com.alexhinkle.-90hw1.watchkitapp";
				PRODUCT_NAME = "$(TARGET_NAME)";
				SDKROOT = watchos;
				SKIP_INSTALL = YES;
				TARGETED_DEVICE_FAMILY = 4;
				WATCHOS_DEPLOYMENT_TARGET = 2.0;
			};
			name = Release;
		};
		02BD905A1BB2123900637DED /* Debug */ = {
			isa = XCBuildConfiguration;
			buildSettings = {
				ASSETCATALOG_COMPILER_APPICON_NAME = AppIcon;
				CODE_SIGN_IDENTITY = "iPhone Developer";
				INFOPLIST_FILE = 390hw1/Info.plist;
				LD_RUNPATH_SEARCH_PATHS = "$(inherited) @executable_path/Frameworks";
				PRODUCT_BUNDLE_IDENTIFIER = "com.alexhinkle.-90hw1";
				PRODUCT_NAME = "$(TARGET_NAME)";
			};
			name = Debug;
		};
		02BD905B1BB2123900637DED /* Release */ = {
			isa = XCBuildConfiguration;
			buildSettings = {
				ASSETCATALOG_COMPILER_APPICON_NAME = AppIcon;
				CODE_SIGN_IDENTITY = "iPhone Developer";
				INFOPLIST_FILE = 390hw1/Info.plist;
				LD_RUNPATH_SEARCH_PATHS = "$(inherited) @executable_path/Frameworks";
				PRODUCT_BUNDLE_IDENTIFIER = "com.alexhinkle.-90hw1";
				PRODUCT_NAME = "$(TARGET_NAME)";
			};
			name = Release;
		};
/* End XCBuildConfiguration section */

/* Begin XCConfigurationList section */
		02BD90191BB2123900637DED /* Build configuration list for PBXProject "390hw1" */ = {
			isa = XCConfigurationList;
			buildConfigurations = (
				02BD904F1BB2123900637DED /* Debug */,
				02BD90501BB2123900637DED /* Release */,
			);
			defaultConfigurationIsVisible = 0;
			defaultConfigurationName = Release;
		};
		02BD90511BB2123900637DED /* Build configuration list for PBXNativeTarget "390hw1 WatchKit Extension" */ = {
			isa = XCConfigurationList;
			buildConfigurations = (
				02BD90521BB2123900637DED /* Debug */,
				02BD90531BB2123900637DED /* Release */,
			);
			defaultConfigurationIsVisible = 0;
			defaultConfigurationName = Release;
		};
		02BD90551BB2123900637DED /* Build configuration list for PBXNativeTarget "390hw1 WatchKit App" */ = {
			isa = XCConfigurationList;
			buildConfigurations = (
				02BD90561BB2123900637DED /* Debug */,
				02BD90571BB2123900637DED /* Release */,
			);
			defaultConfigurationIsVisible = 0;
			defaultConfigurationName = Release;
		};
		02BD90591BB2123900637DED /* Build configuration list for PBXNativeTarget "390hw1" */ = {
			isa = XCConfigurationList;
			buildConfigurations = (
				02BD905A1BB2123900637DED /* Debug */,
				02BD905B1BB2123900637DED /* Release */,
			);
			defaultConfigurationIsVisible = 0;
			defaultConfigurationName = Release;
		};
/* End XCConfigurationList section */
	};
	rootObject = 02BD90161BB2123900637DED /* Project object */;
}
